
Microsoft Visual Studio Solution File, Format Version 12.00
# Visual Studio Version 17
VisualStudioVersion = 17.5.33414.496
MinimumVisualStudioVersion = 10.0.40219.1
Project("{9A19103F-16F7-4668-BE54-9A1E7A4F7556}") = "TinyFFR", "TinyFFR\TinyFFR.csproj", "{3A08F4EC-595C-499E-A2B4-95B471BB8670}"
EndProject
Project("{9A19103F-16F7-4668-BE54-9A1E7A4F7556}") = "TinyFFR.Tests", "TinyFFR.Tests\TinyFFR.Tests.csproj", "{211B347D-9943-4223-B679-6107411FF253}"
EndProject
Project("{8BC9CEB8-8B4A-11D0-8D11-00A0C91BC942}") = "TinyFFR.Native", "TinyFFR.Native\TinyFFR.Native.vcxproj", "{AC530F90-8CB3-4E18-9BF2-89079FB171EB}"
EndProject
Project("{FAE04EC0-301F-11D3-BF4B-00C04F79EFBC}") = "TestProject", "TestProject\TestProject.csproj", "{F3E96A13-5527-4849-9B75-75C3BA3C43FC}"
	ProjectSection(ProjectDependencies) = postProject
		{3A08F4EC-595C-499E-A2B4-95B471BB8670} = {3A08F4EC-595C-499E-A2B4-95B471BB8670}
		{AC530F90-8CB3-4E18-9BF2-89079FB171EB} = {AC530F90-8CB3-4E18-9BF2-89079FB171EB}
	EndProjectSection
EndProject
Global
	GlobalSection(SolutionConfigurationPlatforms) = preSolution
		Debug|x64 = Debug|x64
		Optimized|x64 = Optimized|x64
		Release|x64 = Release|x64
	EndGlobalSection
	GlobalSection(ProjectConfigurationPlatforms) = postSolution
		{3A08F4EC-595C-499E-A2B4-95B471BB8670}.Debug|x64.ActiveCfg = Debug|x64
		{3A08F4EC-595C-499E-A2B4-95B471BB8670}.Debug|x64.Build.0 = Debug|x64
		{3A08F4EC-595C-499E-A2B4-95B471BB8670}.Optimized|x64.ActiveCfg = Optimized|x64
		{3A08F4EC-595C-499E-A2B4-95B471BB8670}.Optimized|x64.Build.0 = Optimized|x64
		{3A08F4EC-595C-499E-A2B4-95B471BB8670}.Release|x64.ActiveCfg = Release|x64
		{3A08F4EC-595C-499E-A2B4-95B471BB8670}.Release|x64.Build.0 = Release|x64
		{211B347D-9943-4223-B679-6107411FF253}.Debug|x64.ActiveCfg = Debug|x64
		{211B347D-9943-4223-B679-6107411FF253}.Debug|x64.Build.0 = Debug|x64
		{211B347D-9943-4223-B679-6107411FF253}.Optimized|x64.ActiveCfg = Release|x64
		{211B347D-9943-4223-B679-6107411FF253}.Optimized|x64.Build.0 = Release|x64
		{211B347D-9943-4223-B679-6107411FF253}.Release|x64.ActiveCfg = Release|x64
		{211B347D-9943-4223-B679-6107411FF253}.Release|x64.Build.0 = Release|x64
		{AC530F90-8CB3-4E18-9BF2-89079FB171EB}.Debug|x64.ActiveCfg = Debug|x64
		{AC530F90-8CB3-4E18-9BF2-89079FB171EB}.Debug|x64.Build.0 = Debug|x64
		{AC530F90-8CB3-4E18-9BF2-89079FB171EB}.Optimized|x64.ActiveCfg = Release|x64
		{AC530F90-8CB3-4E18-9BF2-89079FB171EB}.Optimized|x64.Build.0 = Release|x64
		{AC530F90-8CB3-4E18-9BF2-89079FB171EB}.Release|x64.ActiveCfg = Release|x64
		{AC530F90-8CB3-4E18-9BF2-89079FB171EB}.Release|x64.Build.0 = Release|x64
		{F3E96A13-5527-4849-9B75-75C3BA3C43FC}.Debug|x64.ActiveCfg = Debug|x64
		{F3E96A13-5527-4849-9B75-75C3BA3C43FC}.Debug|x64.Build.0 = Debug|x64
		{F3E96A13-5527-4849-9B75-75C3BA3C43FC}.Optimized|x64.ActiveCfg = Optimized|x64
		{F3E96A13-5527-4849-9B75-75C3BA3C43FC}.Optimized|x64.Build.0 = Optimized|x64
		{F3E96A13-5527-4849-9B75-75C3BA3C43FC}.Release|x64.ActiveCfg = Release|x64
		{F3E96A13-5527-4849-9B75-75C3BA3C43FC}.Release|x64.Build.0 = Release|x64
	EndGlobalSection
	GlobalSection(SolutionProperties) = preSolution
		HideSolutionNode = FALSE
	EndGlobalSection
	GlobalSection(ExtensibilityGlobals) = postSolution
		SolutionGuid = {27A41A55-A1B1-4D87-997F-2C53A35D30F6}
	EndGlobalSection
EndGlobal
