<?xml version="1.0" encoding="utf-8"?>
<Project ToolsVersion="4.0" xmlns="http://schemas.microsoft.com/developer/msbuild/2003">
  <ItemGroup>
    <Filter Include="Source Files">
      <UniqueIdentifier>{4FC737F1-C7A5-4376-A066-2A32D752A2FF}</UniqueIdentifier>
      <Extensions>cpp;c;cc;cxx;c++;cppm;ixx;def;odl;idl;hpj;bat;asm;asmx</Extensions>
    </Filter>
    <Filter Include="Header Files">
      <UniqueIdentifier>{93995380-89BD-4b04-88EB-625FBE52EBFB}</UniqueIdentifier>
      <Extensions>h;hh;hpp;hxx;h++;hm;inl;inc;ipp;xsd</Extensions>
    </Filter>
    <Filter Include="Resource Files">
      <UniqueIdentifier>{67DA6AB6-F800-4c08-8B7A-83BB121AAD01}</UniqueIdentifier>
      <Extensions>rc;ico;cur;bmp;dlg;rc2;rct;bin;rgs;gif;jpg;jpeg;jpe;resx;tiff;tif;png;wav;mfcribbon-ms</Extensions>
    </Filter>
  </ItemGroup>
  <ItemGroup>
    <ClInclude Include="pch.h">
      <Filter>Header Files</Filter>
    </ClInclude>
    <ClInclude Include="tffr\headers\utils_and_constants.h">
      <Filter>Header Files</Filter>
    </ClInclude>
    <ClInclude Include="tffr\headers\interop_result.h">
      <Filter>Header Files</Filter>
    </ClInclude>
    <ClInclude Include="tffr\headers\environment\native_impl_window.h">
      <Filter>Header Files</Filter>
    </ClInclude>
    <ClInclude Include="tffr\headers\interop_utils.h">
      <Filter>Header Files</Filter>
    </ClInclude>
    <ClInclude Include="tffr\headers\environment\native_impl_display.h">
      <Filter>Header Files</Filter>
    </ClInclude>
    <ClInclude Include="tffr\headers\native_impl_init.h">
      <Filter>Header Files</Filter>
    </ClInclude>
    <ClInclude Include="tffr\headers\environment\native_impl_loop.h">
      <Filter>Header Files</Filter>
    </ClInclude>
    <ClInclude Include="tffr\headers\assets\native_impl_render_assets.h">
      <Filter>Header Files</Filter>
    </ClInclude>
    <ClInclude Include="tffr\headers\scene\camera\native_impl_camera.h">
      <Filter>Header Files</Filter>
    </ClInclude>
    <ClInclude Include="tffr\headers\scene\objects\native_impl_objects.h">
      <Filter>Header Files</Filter>
    </ClInclude>
    <ClInclude Include="tffr\headers\scene\native_impl_scene.h">
      <Filter>Header Files</Filter>
    </ClInclude>
    <ClInclude Include="tffr\headers\scene\native_impl_render.h">
      <Filter>Header Files</Filter>
    </ClInclude>
    <ClInclude Include="tffr\headers\scene\lights\native_impl_lights.h">
      <Filter>Header Files</Filter>
    </ClInclude>
    <ClInclude Include="tffr\headers\assets\native_impl_asset_loader.h">
      <Filter>Header Files</Filter>
    </ClInclude>
    <ClInclude Include="third_party\headers\stb\stb_imageh.h">
      <Filter>Header Files</Filter>
    </ClInclude>
  </ItemGroup>
  <ItemGroup>
    <ClCompile Include="pch.cpp">
      <Filter>Source Files</Filter>
    </ClCompile>
    <ClCompile Include="tffr\impl\interop_result.cpp">
      <Filter>Source Files</Filter>
    </ClCompile>
    <ClCompile Include="tffr\impl\environment\native_impl_window.cpp">
      <Filter>Source Files</Filter>
    </ClCompile>
    <ClCompile Include="tffr\impl\interop_utils.cpp">
      <Filter>Source Files</Filter>
    </ClCompile>
    <ClCompile Include="tffr\impl\environment\native_impl_display.cpp">
      <Filter>Source Files</Filter>
    </ClCompile>
    <ClCompile Include="tffr\impl\native_impl_init.cpp">
      <Filter>Source Files</Filter>
    </ClCompile>
    <ClCompile Include="tffr\impl\environment\native_impl_loop.cpp">
      <Filter>Source Files</Filter>
    </ClCompile>
    <ClCompile Include="tffr\impl\assets\native_impl_render_assets.cpp">
      <Filter>Source Files</Filter>
    </ClCompile>
    <ClCompile Include="tffr\impl\scene\camera\native_impl_camera.cpp">
      <Filter>Source Files</Filter>
    </ClCompile>
    <ClCompile Include="tffr\impl\scene\objects\native_impl_objects.cpp">
      <Filter>Source Files</Filter>
    </ClCompile>
    <ClCompile Include="tffr\impl\scene\native_impl_scene.cpp">
      <Filter>Source Files</Filter>
    </ClCompile>
    <ClCompile Include="tffr\impl\scene\native_impl_render.cpp">
      <Filter>Source Files</Filter>
    </ClCompile>
    <ClCompile Include="tffr\impl\scene\lights\native_impl_lights.cpp">
      <Filter>Source Files</Filter>
    </ClCompile>
    <ClCompile Include="tffr\impl\assets\native_impl_asset_loader.cpp">
      <Filter>Source Files</Filter>
    </ClCompile>
  </ItemGroup>
  <ItemGroup>
    <Text Include="third_party\third_party_installation_instructions.txt" />
  </ItemGroup>
  <ItemGroup>
    <None Include="tffr\impl\macos_functions.mm" />
    <None Include="..\ThirdParty\build_and_copy_all_third_party.cs" />
    <None Include="build\build.cs" />
  </ItemGroup>
</Project>